
Microsoft Visual Studio Solution File, Format Version 12.00
# Visual Studio Version 17
VisualStudioVersion = 17.9.34714.143
MinimumVisualStudioVersion = 10.0.40219.1
Project("{FAE04EC0-301F-11D3-BF4B-00C04F79EFBC}") = "spartan dungeon", "spartan dungeon\spartan dungeon.csproj", "{C8B1868A-F423-4353-B2BB-AF38E58936D7}"
EndProject
Global
	GlobalSection(SolutionConfigurationPlatforms) = preSolution
		Debug|Any CPU = Debug|Any CPU
		Release|Any CPU = Release|Any CPU
	EndGlobalSection
	GlobalSection(ProjectConfigurationPlatforms) = postSolution
		{C8B1868A-F423-4353-B2BB-AF38E58936D7}.Debug|Any CPU.ActiveCfg = Debug|Any CPU
		{C8B1868A-F423-4353-B2BB-AF38E58936D7}.Debug|Any CPU.Build.0 = Debug|Any CPU
		{C8B1868A-F423-4353-B2BB-AF38E58936D7}.Release|Any CPU.ActiveCfg = Release|Any CPU
		{C8B1868A-F423-4353-B2BB-AF38E58936D7}.Release|Any CPU.Build.0 = Release|Any CPU
	EndGlobalSection
	GlobalSection(SolutionProperties) = preSolution
		HideSolutionNode = FALSE
	EndGlobalSection
	GlobalSection(ExtensibilityGlobals) = postSolution
		SolutionGuid = {840C7192-38D4-4AAB-AB8E-34C4B1291237}
	EndGlobalSection
EndGlobal
